{
  "name": "nasa-challenge",
  "lockfileVersion": 3,
  "requires": true,
  "packages": {
    "": {
      "dependencies": {
        "tree.js": "^1.4.1"
      }
    },
    "node_modules/tree.js": {
      "version": "1.4.1",
      "resolved": "https://registry.npmjs.org/tree.js/-/tree.js-1.4.1.tgz",
      "integrity": "sha512-tkMyliXk7G/eMfMcsDAOw0iyfEZF+810FFx9XWFRET9TRWdETGwWJSREWC4JHwIUYFGB4E0ECPBTS56tPjxT7A=="
    }
  }
}
